
Microsoft Visual Studio Solution File, Format Version 12.00
Project("{FAE04EC0-301F-11D3-BF4B-00C04F79EFBC}") = "BI.Api", "BI.Api\BI.Api.csproj", "{5B388876-335B-48DC-9A0C-EF730C5D437A}"
EndProject
Global
	GlobalSection(SolutionConfigurationPlatforms) = preSolution
		Debug|Any CPU = Debug|Any CPU
		Release|Any CPU = Release|Any CPU
	EndGlobalSection
	GlobalSection(ProjectConfigurationPlatforms) = postSolution
		{5B388876-335B-48DC-9A0C-EF730C5D437A}.Debug|Any CPU.ActiveCfg = Debug|Any CPU
		{5B388876-335B-48DC-9A0C-EF730C5D437A}.Debug|Any CPU.Build.0 = Debug|Any CPU
		{5B388876-335B-48DC-9A0C-EF730C5D437A}.Release|Any CPU.ActiveCfg = Release|Any CPU
		{5B388876-335B-48DC-9A0C-EF730C5D437A}.Release|Any CPU.Build.0 = Release|Any CPU
	EndGlobalSection
EndGlobal
